
Microsoft Visual Studio Solution File, Format Version 12.00
# Visual Studio Version 17
VisualStudioVersion = 17.3.32922.545
MinimumVisualStudioVersion = 10.0.40219.1
Project("{9A19103F-16F7-4668-BE54-9A1E7A4F7556}") = "EmployeeManagerConsole", "EmployeeManagerConsole\EmployeeManagerConsole.csproj", "{5991C745-73A1-4CBD-AD25-C6C453F809C8}"
	ProjectSection(ProjectDependencies) = postProject
		{25D31D54-E93B-4E4D-BC58-A3471586B8E6} = {25D31D54-E93B-4E4D-BC58-A3471586B8E6}
	EndProjectSection
EndProject
Project("{9A19103F-16F7-4668-BE54-9A1E7A4F7556}") = "DataAccess", "DataAccess\DataAccess.csproj", "{25D31D54-E93B-4E4D-BC58-A3471586B8E6}"
EndProject
Global
	GlobalSection(SolutionConfigurationPlatforms) = preSolution
		Debug|Any CPU = Debug|Any CPU
		Release|Any CPU = Release|Any CPU
	EndGlobalSection
	GlobalSection(ProjectConfigurationPlatforms) = postSolution
		{5991C745-73A1-4CBD-AD25-C6C453F809C8}.Debug|Any CPU.ActiveCfg = Debug|Any CPU
		{5991C745-73A1-4CBD-AD25-C6C453F809C8}.Debug|Any CPU.Build.0 = Debug|Any CPU
		{5991C745-73A1-4CBD-AD25-C6C453F809C8}.Release|Any CPU.ActiveCfg = Release|Any CPU
		{5991C745-73A1-4CBD-AD25-C6C453F809C8}.Release|Any CPU.Build.0 = Release|Any CPU
		{25D31D54-E93B-4E4D-BC58-A3471586B8E6}.Debug|Any CPU.ActiveCfg = Debug|Any CPU
		{25D31D54-E93B-4E4D-BC58-A3471586B8E6}.Debug|Any CPU.Build.0 = Debug|Any CPU
		{25D31D54-E93B-4E4D-BC58-A3471586B8E6}.Release|Any CPU.ActiveCfg = Release|Any CPU
		{25D31D54-E93B-4E4D-BC58-A3471586B8E6}.Release|Any CPU.Build.0 = Release|Any CPU
	EndGlobalSection
	GlobalSection(SolutionProperties) = preSolution
		HideSolutionNode = FALSE
	EndGlobalSection
	GlobalSection(ExtensibilityGlobals) = postSolution
		SolutionGuid = {E6658DA1-D9FC-49C7-BBF2-E3FA10C442EE}
	EndGlobalSection
EndGlobal
